
Microsoft Visual Studio Solution File, Format Version 12.00
# Visual Studio Version 17
VisualStudioVersion = 17.11.35303.130
MinimumVisualStudioVersion = 10.0.40219.1
Project("{9A19103F-16F7-4668-BE54-9A1E7A4F7556}") = "IO.Swagger", "src\IO.Swagger\IO.Swagger.csproj", "{5E6CDAC7-C448-415A-A8F2-2BC36E6A57BB}"
EndProject
Global
	GlobalSection(SolutionConfigurationPlatforms) = preSolution
		Debug|Any CPU = Debug|Any CPU
		Release|Any CPU = Release|Any CPU
	EndGlobalSection
	GlobalSection(ProjectConfigurationPlatforms) = postSolution
		{5E6CDAC7-C448-415A-A8F2-2BC36E6A57BB}.Debug|Any CPU.ActiveCfg = Debug|Any CPU
		{5E6CDAC7-C448-415A-A8F2-2BC36E6A57BB}.Debug|Any CPU.Build.0 = Debug|Any CPU
		{5E6CDAC7-C448-415A-A8F2-2BC36E6A57BB}.Release|Any CPU.ActiveCfg = Release|Any CPU
		{5E6CDAC7-C448-415A-A8F2-2BC36E6A57BB}.Release|Any CPU.Build.0 = Release|Any CPU
	EndGlobalSection
	GlobalSection(SolutionProperties) = preSolution
		HideSolutionNode = FALSE
	EndGlobalSection
	GlobalSection(ExtensibilityGlobals) = postSolution
		SolutionGuid = {015242C4-8532-40E4-A5C8-CC60B75724A4}
	EndGlobalSection
EndGlobal
